
Microsoft Visual Studio Solution File, Format Version 12.00
# Visual Studio 14
VisualStudioVersion = 14.0.24720.0
MinimumVisualStudioVersion = 10.0.40219.1
Project("{FAE04EC0-301F-11D3-BF4B-00C04F79EFBC}") = "PazzleDrag.Droid", "PazzleDrag\PazzleDrag.Droid\PazzleDrag.Droid.csproj", "{7F685E9C-B84A-47EC-8782-8B1DD10D950E}"
EndProject
Project("{FAE04EC0-301F-11D3-BF4B-00C04F79EFBC}") = "PazzleDrag.iOS", "PazzleDrag\PazzleDrag.iOS\PazzleDrag.iOS.csproj", "{3523D4ED-CF97-4B2C-9E75-7DA18E66F85A}"
EndProject
Project("{FAE04EC0-301F-11D3-BF4B-00C04F79EFBC}") = "PazzleDrag.WinPhone", "PazzleDrag\PazzleDrag.WinPhone\PazzleDrag.WinPhone.csproj", "{DD2BFD7E-E31B-49B3-B56C-D7FB78AF9254}"
EndProject
Project("{FAE04EC0-301F-11D3-BF4B-00C04F79EFBC}") = "PazzleDrag", "PazzleDrag\PazzleDrag\PazzleDrag.csproj", "{08DB7D53-2E15-4640-BE57-0EAB227E697F}"
EndProject
Project("{FAE04EC0-301F-11D3-BF4B-00C04F79EFBC}") = "PazzleDrag.UWP", "PazzleDrag\PazzleDrag.UWP\PazzleDrag.UWP.csproj", "{6ADEC1A9-9F08-412C-AA19-E21F0E3E471E}"
EndProject
Global
	GlobalSection(SolutionConfigurationPlatforms) = preSolution
		Ad-Hoc|Any CPU = Ad-Hoc|Any CPU
		Ad-Hoc|ARM = Ad-Hoc|ARM
		Ad-Hoc|iPhone = Ad-Hoc|iPhone
		Ad-Hoc|iPhoneSimulator = Ad-Hoc|iPhoneSimulator
		Ad-Hoc|x64 = Ad-Hoc|x64
		Ad-Hoc|x86 = Ad-Hoc|x86
		AppStore|Any CPU = AppStore|Any CPU
		AppStore|ARM = AppStore|ARM
		AppStore|iPhone = AppStore|iPhone
		AppStore|iPhoneSimulator = AppStore|iPhoneSimulator
		AppStore|x64 = AppStore|x64
		AppStore|x86 = AppStore|x86
		Debug|Any CPU = Debug|Any CPU
		Debug|ARM = Debug|ARM
		Debug|iPhone = Debug|iPhone
		Debug|iPhoneSimulator = Debug|iPhoneSimulator
		Debug|x64 = Debug|x64
		Debug|x86 = Debug|x86
		Release|Any CPU = Release|Any CPU
		Release|ARM = Release|ARM
		Release|iPhone = Release|iPhone
		Release|iPhoneSimulator = Release|iPhoneSimulator
		Release|x64 = Release|x64
		Release|x86 = Release|x86
	EndGlobalSection
	GlobalSection(ProjectConfigurationPlatforms) = postSolution
		{7F685E9C-B84A-47EC-8782-8B1DD10D950E}.Ad-Hoc|Any CPU.ActiveCfg = Release|Any CPU
		{7F685E9C-B84A-47EC-8782-8B1DD10D950E}.Ad-Hoc|Any CPU.Build.0 = Release|Any CPU
		{7F685E9C-B84A-47EC-8782-8B1DD10D950E}.Ad-Hoc|Any CPU.Deploy.0 = Release|Any CPU
		{7F685E9C-B84A-47EC-8782-8B1DD10D950E}.Ad-Hoc|ARM.ActiveCfg = Release|Any CPU
		{7F685E9C-B84A-47EC-8782-8B1DD10D950E}.Ad-Hoc|ARM.Build.0 = Release|Any CPU
		{7F685E9C-B84A-47EC-8782-8B1DD10D950E}.Ad-Hoc|ARM.Deploy.0 = Release|Any CPU
		{7F685E9C-B84A-47EC-8782-8B1DD10D950E}.Ad-Hoc|iPhone.ActiveCfg = Release|Any CPU
		{7F685E9C-B84A-47EC-8782-8B1DD10D950E}.Ad-Hoc|iPhone.Build.0 = Release|Any CPU
		{7F685E9C-B84A-47EC-8782-8B1DD10D950E}.Ad-Hoc|iPhone.Deploy.0 = Release|Any CPU
		{7F685E9C-B84A-47EC-8782-8B1DD10D950E}.Ad-Hoc|iPhoneSimulator.ActiveCfg = Release|Any CPU
		{7F685E9C-B84A-47EC-8782-8B1DD10D950E}.Ad-Hoc|iPhoneSimulator.Build.0 = Release|Any CPU
		{7F685E9C-B84A-47EC-8782-8B1DD10D950E}.Ad-Hoc|iPhoneSimulator.Deploy.0 = Release|Any CPU
		{7F685E9C-B84A-47EC-8782-8B1DD10D950E}.Ad-Hoc|x64.ActiveCfg = Debug|Any CPU
		{7F685E9C-B84A-47EC-8782-8B1DD10D950E}.Ad-Hoc|x64.Build.0 = Debug|Any CPU
		{7F685E9C-B84A-47EC-8782-8B1DD10D950E}.Ad-Hoc|x64.Deploy.0 = Debug|Any CPU
		{7F685E9C-B84A-47EC-8782-8B1DD10D950E}.Ad-Hoc|x86.ActiveCfg = Release|Any CPU
		{7F685E9C-B84A-47EC-8782-8B1DD10D950E}.Ad-Hoc|x86.Build.0 = Release|Any CPU
		{7F685E9C-B84A-47EC-8782-8B1DD10D950E}.Ad-Hoc|x86.Deploy.0 = Release|Any CPU
		{7F685E9C-B84A-47EC-8782-8B1DD10D950E}.AppStore|Any CPU.ActiveCfg = Release|Any CPU
		{7F685E9C-B84A-47EC-8782-8B1DD10D950E}.AppStore|Any CPU.Build.0 = Release|Any CPU
		{7F685E9C-B84A-47EC-8782-8B1DD10D950E}.AppStore|Any CPU.Deploy.0 = Release|Any CPU
		{7F685E9C-B84A-47EC-8782-8B1DD10D950E}.AppStore|ARM.ActiveCfg = Release|Any CPU
		{7F685E9C-B84A-47EC-8782-8B1DD10D950E}.AppStore|ARM.Build.0 = Release|Any CPU
		{7F685E9C-B84A-47EC-8782-8B1DD10D950E}.AppStore|ARM.Deploy.0 = Release|Any CPU
		{7F685E9C-B84A-47EC-8782-8B1DD10D950E}.AppStore|iPhone.ActiveCfg = Release|Any CPU
		{7F685E9C-B84A-47EC-8782-8B1DD10D950E}.AppStore|iPhone.Build.0 = Release|Any CPU
		{7F685E9C-B84A-47EC-8782-8B1DD10D950E}.AppStore|iPhone.Deploy.0 = Release|Any CPU
		{7F685E9C-B84A-47EC-8782-8B1DD10D950E}.AppStore|iPhoneSimulator.ActiveCfg = Release|Any CPU
		{7F685E9C-B84A-47EC-8782-8B1DD10D950E}.AppStore|iPhoneSimulator.Build.0 = Release|Any CPU
		{7F685E9C-B84A-47EC-8782-8B1DD10D950E}.AppStore|iPhoneSimulator.Deploy.0 = Release|Any CPU
		{7F685E9C-B84A-47EC-8782-8B1DD10D950E}.AppStore|x64.ActiveCfg = Debug|Any CPU
		{7F685E9C-B84A-47EC-8782-8B1DD10D950E}.AppStore|x64.Build.0 = Debug|Any CPU
		{7F685E9C-B84A-47EC-8782-8B1DD10D950E}.AppStore|x64.Deploy.0 = Debug|Any CPU
		{7F685E9C-B84A-47EC-8782-8B1DD10D950E}.AppStore|x86.ActiveCfg = Release|Any CPU
		{7F685E9C-B84A-47EC-8782-8B1DD10D950E}.AppStore|x86.Build.0 = Release|Any CPU
		{7F685E9C-B84A-47EC-8782-8B1DD10D950E}.AppStore|x86.Deploy.0 = Release|Any CPU
		{7F685E9C-B84A-47EC-8782-8B1DD10D950E}.Debug|Any CPU.ActiveCfg = Debug|Any CPU
		{7F685E9C-B84A-47EC-8782-8B1DD10D950E}.Debug|Any CPU.Build.0 = Debug|Any CPU
		{7F685E9C-B84A-47EC-8782-8B1DD10D950E}.Debug|Any CPU.Deploy.0 = Debug|Any CPU
		{7F685E9C-B84A-47EC-8782-8B1DD10D950E}.Debug|ARM.ActiveCfg = Debug|Any CPU
		{7F685E9C-B84A-47EC-8782-8B1DD10D950E}.Debug|ARM.Build.0 = Debug|Any CPU
		{7F685E9C-B84A-47EC-8782-8B1DD10D950E}.Debug|ARM.Deploy.0 = Debug|Any CPU
		{7F685E9C-B84A-47EC-8782-8B1DD10D950E}.Debug|iPhone.ActiveCfg = Debug|Any CPU
		{7F685E9C-B84A-47EC-8782-8B1DD10D950E}.Debug|iPhone.Build.0 = Debug|Any CPU
		{7F685E9C-B84A-47EC-8782-8B1DD10D950E}.Debug|iPhone.Deploy.0 = Debug|Any CPU
		{7F685E9C-B84A-47EC-8782-8B1DD10D950E}.Debug|iPhoneSimulator.ActiveCfg = Debug|Any CPU
		{7F685E9C-B84A-47EC-8782-8B1DD10D950E}.Debug|iPhoneSimulator.Build.0 = Debug|Any CPU
		{7F685E9C-B84A-47EC-8782-8B1DD10D950E}.Debug|iPhoneSimulator.Deploy.0 = Debug|Any CPU
		{7F685E9C-B84A-47EC-8782-8B1DD10D950E}.Debug|x64.ActiveCfg = Debug|Any CPU
		{7F685E9C-B84A-47EC-8782-8B1DD10D950E}.Debug|x64.Build.0 = Debug|Any CPU
		{7F685E9C-B84A-47EC-8782-8B1DD10D950E}.Debug|x64.Deploy.0 = Debug|Any CPU
		{7F685E9C-B84A-47EC-8782-8B1DD10D950E}.Debug|x86.ActiveCfg = Debug|Any CPU
		{7F685E9C-B84A-47EC-8782-8B1DD10D950E}.Debug|x86.Build.0 = Debug|Any CPU
		{7F685E9C-B84A-47EC-8782-8B1DD10D950E}.Debug|x86.Deploy.0 = Debug|Any CPU
		{7F685E9C-B84A-47EC-8782-8B1DD10D950E}.Release|Any CPU.ActiveCfg = Release|Any CPU
		{7F685E9C-B84A-47EC-8782-8B1DD10D950E}.Release|Any CPU.Build.0 = Release|Any CPU
		{7F685E9C-B84A-47EC-8782-8B1DD10D950E}.Release|Any CPU.Deploy.0 = Release|Any CPU
		{7F685E9C-B84A-47EC-8782-8B1DD10D950E}.Release|ARM.ActiveCfg = Release|Any CPU
		{7F685E9C-B84A-47EC-8782-8B1DD10D950E}.Release|ARM.Build.0 = Release|Any CPU
		{7F685E9C-B84A-47EC-8782-8B1DD10D950E}.Release|ARM.Deploy.0 = Release|Any CPU
		{7F685E9C-B84A-47EC-8782-8B1DD10D950E}.Release|iPhone.ActiveCfg = Release|Any CPU
		{7F685E9C-B84A-47EC-8782-8B1DD10D950E}.Release|iPhone.Build.0 = Release|Any CPU
		{7F685E9C-B84A-47EC-8782-8B1DD10D950E}.Release|iPhone.Deploy.0 = Release|Any CPU
		{7F685E9C-B84A-47EC-8782-8B1DD10D950E}.Release|iPhoneSimulator.ActiveCfg = Release|Any CPU
		{7F685E9C-B84A-47EC-8782-8B1DD10D950E}.Release|iPhoneSimulator.Build.0 = Release|Any CPU
		{7F685E9C-B84A-47EC-8782-8B1DD10D950E}.Release|iPhoneSimulator.Deploy.0 = Release|Any CPU
		{7F685E9C-B84A-47EC-8782-8B1DD10D950E}.Release|x64.ActiveCfg = Release|Any CPU
		{7F685E9C-B84A-47EC-8782-8B1DD10D950E}.Release|x64.Build.0 = Release|Any CPU
		{7F685E9C-B84A-47EC-8782-8B1DD10D950E}.Release|x64.Deploy.0 = Release|Any CPU
		{7F685E9C-B84A-47EC-8782-8B1DD10D950E}.Release|x86.ActiveCfg = Release|Any CPU
		{7F685E9C-B84A-47EC-8782-8B1DD10D950E}.Release|x86.Build.0 = Release|Any CPU
		{7F685E9C-B84A-47EC-8782-8B1DD10D950E}.Release|x86.Deploy.0 = Release|Any CPU
		{3523D4ED-CF97-4B2C-9E75-7DA18E66F85A}.Ad-Hoc|Any CPU.ActiveCfg = Ad-Hoc|iPhone
		{3523D4ED-CF97-4B2C-9E75-7DA18E66F85A}.Ad-Hoc|ARM.ActiveCfg = Ad-Hoc|iPhone
		{3523D4ED-CF97-4B2C-9E75-7DA18E66F85A}.Ad-Hoc|iPhone.ActiveCfg = Ad-Hoc|iPhone
		{3523D4ED-CF97-4B2C-9E75-7DA18E66F85A}.Ad-Hoc|iPhone.Build.0 = Ad-Hoc|iPhone
		{3523D4ED-CF97-4B2C-9E75-7DA18E66F85A}.Ad-Hoc|iPhoneSimulator.ActiveCfg = Ad-Hoc|iPhoneSimulator
		{3523D4ED-CF97-4B2C-9E75-7DA18E66F85A}.Ad-Hoc|iPhoneSimulator.Build.0 = Ad-Hoc|iPhoneSimulator
		{3523D4ED-CF97-4B2C-9E75-7DA18E66F85A}.Ad-Hoc|x64.ActiveCfg = Ad-Hoc|iPhoneSimulator
		{3523D4ED-CF97-4B2C-9E75-7DA18E66F85A}.Ad-Hoc|x86.ActiveCfg = Ad-Hoc|iPhone
		{3523D4ED-CF97-4B2C-9E75-7DA18E66F85A}.AppStore|Any CPU.ActiveCfg = AppStore|iPhone
		{3523D4ED-CF97-4B2C-9E75-7DA18E66F85A}.AppStore|ARM.ActiveCfg = AppStore|iPhone
		{3523D4ED-CF97-4B2C-9E75-7DA18E66F85A}.AppStore|iPhone.ActiveCfg = AppStore|iPhone
		{3523D4ED-CF97-4B2C-9E75-7DA18E66F85A}.AppStore|iPhone.Build.0 = AppStore|iPhone
		{3523D4ED-CF97-4B2C-9E75-7DA18E66F85A}.AppStore|iPhoneSimulator.ActiveCfg = AppStore|iPhoneSimulator
		{3523D4ED-CF97-4B2C-9E75-7DA18E66F85A}.AppStore|iPhoneSimulator.Build.0 = AppStore|iPhoneSimulator
		{3523D4ED-CF97-4B2C-9E75-7DA18E66F85A}.AppStore|x64.ActiveCfg = AppStore|iPhoneSimulator
		{3523D4ED-CF97-4B2C-9E75-7DA18E66F85A}.AppStore|x86.ActiveCfg = AppStore|iPhone
		{3523D4ED-CF97-4B2C-9E75-7DA18E66F85A}.Debug|Any CPU.ActiveCfg = Debug|iPhone
		{3523D4ED-CF97-4B2C-9E75-7DA18E66F85A}.Debug|Any CPU.Build.0 = Debug|iPhone
		{3523D4ED-CF97-4B2C-9E75-7DA18E66F85A}.Debug|ARM.ActiveCfg = Debug|iPhone
		{3523D4ED-CF97-4B2C-9E75-7DA18E66F85A}.Debug|iPhone.ActiveCfg = Debug|iPhone
		{3523D4ED-CF97-4B2C-9E75-7DA18E66F85A}.Debug|iPhone.Build.0 = Debug|iPhone
		{3523D4ED-CF97-4B2C-9E75-7DA18E66F85A}.Debug|iPhoneSimulator.ActiveCfg = Debug|iPhoneSimulator
		{3523D4ED-CF97-4B2C-9E75-7DA18E66F85A}.Debug|iPhoneSimulator.Build.0 = Debug|iPhoneSimulator
		{3523D4ED-CF97-4B2C-9E75-7DA18E66F85A}.Debug|x64.ActiveCfg = Debug|iPhoneSimulator
		{3523D4ED-CF97-4B2C-9E75-7DA18E66F85A}.Debug|x86.ActiveCfg = Debug|iPhone
		{3523D4ED-CF97-4B2C-9E75-7DA18E66F85A}.Release|Any CPU.ActiveCfg = Release|iPhone
		{3523D4ED-CF97-4B2C-9E75-7DA18E66F85A}.Release|ARM.ActiveCfg = Release|iPhone
		{3523D4ED-CF97-4B2C-9E75-7DA18E66F85A}.Release|iPhone.ActiveCfg = Release|iPhone
		{3523D4ED-CF97-4B2C-9E75-7DA18E66F85A}.Release|iPhone.Build.0 = Release|iPhone
		{3523D4ED-CF97-4B2C-9E75-7DA18E66F85A}.Release|iPhoneSimulator.ActiveCfg = Release|iPhoneSimulator
		{3523D4ED-CF97-4B2C-9E75-7DA18E66F85A}.Release|iPhoneSimulator.Build.0 = Release|iPhoneSimulator
		{3523D4ED-CF97-4B2C-9E75-7DA18E66F85A}.Release|x64.ActiveCfg = Release|iPhoneSimulator
		{3523D4ED-CF97-4B2C-9E75-7DA18E66F85A}.Release|x86.ActiveCfg = Release|iPhone
		{DD2BFD7E-E31B-49B3-B56C-D7FB78AF9254}.Ad-Hoc|Any CPU.ActiveCfg = Release|Any CPU
		{DD2BFD7E-E31B-49B3-B56C-D7FB78AF9254}.Ad-Hoc|Any CPU.Build.0 = Release|Any CPU
		{DD2BFD7E-E31B-49B3-B56C-D7FB78AF9254}.Ad-Hoc|Any CPU.Deploy.0 = Release|Any CPU
		{DD2BFD7E-E31B-49B3-B56C-D7FB78AF9254}.Ad-Hoc|ARM.ActiveCfg = Release|ARM
		{DD2BFD7E-E31B-49B3-B56C-D7FB78AF9254}.Ad-Hoc|ARM.Build.0 = Release|ARM
		{DD2BFD7E-E31B-49B3-B56C-D7FB78AF9254}.Ad-Hoc|ARM.Deploy.0 = Release|ARM
		{DD2BFD7E-E31B-49B3-B56C-D7FB78AF9254}.Ad-Hoc|iPhone.ActiveCfg = Release|Any CPU
		{DD2BFD7E-E31B-49B3-B56C-D7FB78AF9254}.Ad-Hoc|iPhone.Build.0 = Release|Any CPU
		{DD2BFD7E-E31B-49B3-B56C-D7FB78AF9254}.Ad-Hoc|iPhone.Deploy.0 = Release|Any CPU
		{DD2BFD7E-E31B-49B3-B56C-D7FB78AF9254}.Ad-Hoc|iPhoneSimulator.ActiveCfg = Release|Any CPU
		{DD2BFD7E-E31B-49B3-B56C-D7FB78AF9254}.Ad-Hoc|iPhoneSimulator.Build.0 = Release|Any CPU
		{DD2BFD7E-E31B-49B3-B56C-D7FB78AF9254}.Ad-Hoc|iPhoneSimulator.Deploy.0 = Release|Any CPU
		{DD2BFD7E-E31B-49B3-B56C-D7FB78AF9254}.Ad-Hoc|x64.ActiveCfg = Debug|Any CPU
		{DD2BFD7E-E31B-49B3-B56C-D7FB78AF9254}.Ad-Hoc|x64.Build.0 = Debug|Any CPU
		{DD2BFD7E-E31B-49B3-B56C-D7FB78AF9254}.Ad-Hoc|x64.Deploy.0 = Debug|Any CPU
		{DD2BFD7E-E31B-49B3-B56C-D7FB78AF9254}.Ad-Hoc|x86.ActiveCfg = Release|x86
		{DD2BFD7E-E31B-49B3-B56C-D7FB78AF9254}.Ad-Hoc|x86.Build.0 = Release|x86
		{DD2BFD7E-E31B-49B3-B56C-D7FB78AF9254}.Ad-Hoc|x86.Deploy.0 = Release|x86
		{DD2BFD7E-E31B-49B3-B56C-D7FB78AF9254}.AppStore|Any CPU.ActiveCfg = Release|Any CPU
		{DD2BFD7E-E31B-49B3-B56C-D7FB78AF9254}.AppStore|Any CPU.Build.0 = Release|Any CPU
		{DD2BFD7E-E31B-49B3-B56C-D7FB78AF9254}.AppStore|Any CPU.Deploy.0 = Release|Any CPU
		{DD2BFD7E-E31B-49B3-B56C-D7FB78AF9254}.AppStore|ARM.ActiveCfg = Release|ARM
		{DD2BFD7E-E31B-49B3-B56C-D7FB78AF9254}.AppStore|ARM.Build.0 = Release|ARM
		{DD2BFD7E-E31B-49B3-B56C-D7FB78AF9254}.AppStore|ARM.Deploy.0 = Release|ARM
		{DD2BFD7E-E31B-49B3-B56C-D7FB78AF9254}.AppStore|iPhone.ActiveCfg = Release|Any CPU
		{DD2BFD7E-E31B-49B3-B56C-D7FB78AF9254}.AppStore|iPhone.Build.0 = Release|Any CPU
		{DD2BFD7E-E31B-49B3-B56C-D7FB78AF9254}.AppStore|iPhone.Deploy.0 = Release|Any CPU
		{DD2BFD7E-E31B-49B3-B56C-D7FB78AF9254}.AppStore|iPhoneSimulator.ActiveCfg = Release|Any CPU
		{DD2BFD7E-E31B-49B3-B56C-D7FB78AF9254}.AppStore|iPhoneSimulator.Build.0 = Release|Any CPU
		{DD2BFD7E-E31B-49B3-B56C-D7FB78AF9254}.AppStore|iPhoneSimulator.Deploy.0 = Release|Any CPU
		{DD2BFD7E-E31B-49B3-B56C-D7FB78AF9254}.AppStore|x64.ActiveCfg = Debug|Any CPU
		{DD2BFD7E-E31B-49B3-B56C-D7FB78AF9254}.AppStore|x64.Build.0 = Debug|Any CPU
		{DD2BFD7E-E31B-49B3-B56C-D7FB78AF9254}.AppStore|x64.Deploy.0 = Debug|Any CPU
		{DD2BFD7E-E31B-49B3-B56C-D7FB78AF9254}.AppStore|x86.ActiveCfg = Release|x86
		{DD2BFD7E-E31B-49B3-B56C-D7FB78AF9254}.AppStore|x86.Build.0 = Release|x86
		{DD2BFD7E-E31B-49B3-B56C-D7FB78AF9254}.AppStore|x86.Deploy.0 = Release|x86
		{DD2BFD7E-E31B-49B3-B56C-D7FB78AF9254}.Debug|Any CPU.ActiveCfg = Debug|Any CPU
		{DD2BFD7E-E31B-49B3-B56C-D7FB78AF9254}.Debug|Any CPU.Build.0 = Debug|Any CPU
		{DD2BFD7E-E31B-49B3-B56C-D7FB78AF9254}.Debug|Any CPU.Deploy.0 = Debug|Any CPU
		{DD2BFD7E-E31B-49B3-B56C-D7FB78AF9254}.Debug|ARM.ActiveCfg = Debug|ARM
		{DD2BFD7E-E31B-49B3-B56C-D7FB78AF9254}.Debug|ARM.Build.0 = Debug|ARM
		{DD2BFD7E-E31B-49B3-B56C-D7FB78AF9254}.Debug|ARM.Deploy.0 = Debug|ARM
		{DD2BFD7E-E31B-49B3-B56C-D7FB78AF9254}.Debug|iPhone.ActiveCfg = Debug|Any CPU
		{DD2BFD7E-E31B-49B3-B56C-D7FB78AF9254}.Debug|iPhone.Build.0 = Debug|Any CPU
		{DD2BFD7E-E31B-49B3-B56C-D7FB78AF9254}.Debug|iPhone.Deploy.0 = Debug|Any CPU
		{DD2BFD7E-E31B-49B3-B56C-D7FB78AF9254}.Debug|iPhoneSimulator.ActiveCfg = Debug|Any CPU
		{DD2BFD7E-E31B-49B3-B56C-D7FB78AF9254}.Debug|iPhoneSimulator.Build.0 = Debug|Any CPU
		{DD2BFD7E-E31B-49B3-B56C-D7FB78AF9254}.Debug|iPhoneSimulator.Deploy.0 = Debug|Any CPU
		{DD2BFD7E-E31B-49B3-B56C-D7FB78AF9254}.Debug|x64.ActiveCfg = Debug|Any CPU
		{DD2BFD7E-E31B-49B3-B56C-D7FB78AF9254}.Debug|x64.Build.0 = Debug|Any CPU
		{DD2BFD7E-E31B-49B3-B56C-D7FB78AF9254}.Debug|x64.Deploy.0 = Debug|Any CPU
		{DD2BFD7E-E31B-49B3-B56C-D7FB78AF9254}.Debug|x86.ActiveCfg = Debug|x86
		{DD2BFD7E-E31B-49B3-B56C-D7FB78AF9254}.Debug|x86.Build.0 = Debug|x86
		{DD2BFD7E-E31B-49B3-B56C-D7FB78AF9254}.Debug|x86.Deploy.0 = Debug|x86
		{DD2BFD7E-E31B-49B3-B56C-D7FB78AF9254}.Release|Any CPU.ActiveCfg = Release|Any CPU
		{DD2BFD7E-E31B-49B3-B56C-D7FB78AF9254}.Release|Any CPU.Build.0 = Release|Any CPU
		{DD2BFD7E-E31B-49B3-B56C-D7FB78AF9254}.Release|Any CPU.Deploy.0 = Release|Any CPU
		{DD2BFD7E-E31B-49B3-B56C-D7FB78AF9254}.Release|ARM.ActiveCfg = Release|ARM
		{DD2BFD7E-E31B-49B3-B56C-D7FB78AF9254}.Release|ARM.Build.0 = Release|ARM
		{DD2BFD7E-E31B-49B3-B56C-D7FB78AF9254}.Release|ARM.Deploy.0 = Release|ARM
		{DD2BFD7E-E31B-49B3-B56C-D7FB78AF9254}.Release|iPhone.ActiveCfg = Release|Any CPU
		{DD2BFD7E-E31B-49B3-B56C-D7FB78AF9254}.Release|iPhone.Build.0 = Release|Any CPU
		{DD2BFD7E-E31B-49B3-B56C-D7FB78AF9254}.Release|iPhone.Deploy.0 = Release|Any CPU
		{DD2BFD7E-E31B-49B3-B56C-D7FB78AF9254}.Release|iPhoneSimulator.ActiveCfg = Release|Any CPU
		{DD2BFD7E-E31B-49B3-B56C-D7FB78AF9254}.Release|iPhoneSimulator.Build.0 = Release|Any CPU
		{DD2BFD7E-E31B-49B3-B56C-D7FB78AF9254}.Release|iPhoneSimulator.Deploy.0 = Release|Any CPU
		{DD2BFD7E-E31B-49B3-B56C-D7FB78AF9254}.Release|x64.ActiveCfg = Release|Any CPU
		{DD2BFD7E-E31B-49B3-B56C-D7FB78AF9254}.Release|x64.Build.0 = Release|Any CPU
		{DD2BFD7E-E31B-49B3-B56C-D7FB78AF9254}.Release|x64.Deploy.0 = Release|Any CPU
		{DD2BFD7E-E31B-49B3-B56C-D7FB78AF9254}.Release|x86.ActiveCfg = Release|x86
		{DD2BFD7E-E31B-49B3-B56C-D7FB78AF9254}.Release|x86.Build.0 = Release|x86
		{DD2BFD7E-E31B-49B3-B56C-D7FB78AF9254}.Release|x86.Deploy.0 = Release|x86
		{08DB7D53-2E15-4640-BE57-0EAB227E697F}.Ad-Hoc|Any CPU.ActiveCfg = Release|Any CPU
		{08DB7D53-2E15-4640-BE57-0EAB227E697F}.Ad-Hoc|Any CPU.Build.0 = Release|Any CPU
		{08DB7D53-2E15-4640-BE57-0EAB227E697F}.Ad-Hoc|ARM.ActiveCfg = Release|Any CPU
		{08DB7D53-2E15-4640-BE57-0EAB227E697F}.Ad-Hoc|ARM.Build.0 = Release|Any CPU
		{08DB7D53-2E15-4640-BE57-0EAB227E697F}.Ad-Hoc|iPhone.ActiveCfg = Release|Any CPU
		{08DB7D53-2E15-4640-BE57-0EAB227E697F}.Ad-Hoc|iPhone.Build.0 = Release|Any CPU
		{08DB7D53-2E15-4640-BE57-0EAB227E697F}.Ad-Hoc|iPhoneSimulator.ActiveCfg = Release|Any CPU
		{08DB7D53-2E15-4640-BE57-0EAB227E697F}.Ad-Hoc|iPhoneSimulator.Build.0 = Release|Any CPU
		{08DB7D53-2E15-4640-BE57-0EAB227E697F}.Ad-Hoc|x64.ActiveCfg = Debug|Any CPU
		{08DB7D53-2E15-4640-BE57-0EAB227E697F}.Ad-Hoc|x64.Build.0 = Debug|Any CPU
		{08DB7D53-2E15-4640-BE57-0EAB227E697F}.Ad-Hoc|x86.ActiveCfg = Release|Any CPU
		{08DB7D53-2E15-4640-BE57-0EAB227E697F}.Ad-Hoc|x86.Build.0 = Release|Any CPU
		{08DB7D53-2E15-4640-BE57-0EAB227E697F}.AppStore|Any CPU.ActiveCfg = Release|Any CPU
		{08DB7D53-2E15-4640-BE57-0EAB227E697F}.AppStore|Any CPU.Build.0 = Release|Any CPU
		{08DB7D53-2E15-4640-BE57-0EAB227E697F}.AppStore|ARM.ActiveCfg = Release|Any CPU
		{08DB7D53-2E15-4640-BE57-0EAB227E697F}.AppStore|ARM.Build.0 = Release|Any CPU
		{08DB7D53-2E15-4640-BE57-0EAB227E697F}.AppStore|iPhone.ActiveCfg = Release|Any CPU
		{08DB7D53-2E15-4640-BE57-0EAB227E697F}.AppStore|iPhone.Build.0 = Release|Any CPU
		{08DB7D53-2E15-4640-BE57-0EAB227E697F}.AppStore|iPhoneSimulator.ActiveCfg = Release|Any CPU
		{08DB7D53-2E15-4640-BE57-0EAB227E697F}.AppStore|iPhoneSimulator.Build.0 = Release|Any CPU
		{08DB7D53-2E15-4640-BE57-0EAB227E697F}.AppStore|x64.ActiveCfg = Debug|Any CPU
		{08DB7D53-2E15-4640-BE57-0EAB227E697F}.AppStore|x64.Build.0 = Debug|Any CPU
		{08DB7D53-2E15-4640-BE57-0EAB227E697F}.AppStore|x86.ActiveCfg = Release|Any CPU
		{08DB7D53-2E15-4640-BE57-0EAB227E697F}.AppStore|x86.Build.0 = Release|Any CPU
		{08DB7D53-2E15-4640-BE57-0EAB227E697F}.Debug|Any CPU.ActiveCfg = Debug|Any CPU
		{08DB7D53-2E15-4640-BE57-0EAB227E697F}.Debug|Any CPU.Build.0 = Debug|Any CPU
		{08DB7D53-2E15-4640-BE57-0EAB227E697F}.Debug|ARM.ActiveCfg = Debug|Any CPU
		{08DB7D53-2E15-4640-BE57-0EAB227E697F}.Debug|ARM.Build.0 = Debug|Any CPU
		{08DB7D53-2E15-4640-BE57-0EAB227E697F}.Debug|iPhone.ActiveCfg = Debug|Any CPU
		{08DB7D53-2E15-4640-BE57-0EAB227E697F}.Debug|iPhone.Build.0 = Debug|Any CPU
		{08DB7D53-2E15-4640-BE57-0EAB227E697F}.Debug|iPhoneSimulator.ActiveCfg = Debug|Any CPU
		{08DB7D53-2E15-4640-BE57-0EAB227E697F}.Debug|iPhoneSimulator.Build.0 = Debug|Any CPU
		{08DB7D53-2E15-4640-BE57-0EAB227E697F}.Debug|x64.ActiveCfg = Debug|Any CPU
		{08DB7D53-2E15-4640-BE57-0EAB227E697F}.Debug|x64.Build.0 = Debug|Any CPU
		{08DB7D53-2E15-4640-BE57-0EAB227E697F}.Debug|x86.ActiveCfg = Debug|Any CPU
		{08DB7D53-2E15-4640-BE57-0EAB227E697F}.Debug|x86.Build.0 = Debug|Any CPU
		{08DB7D53-2E15-4640-BE57-0EAB227E697F}.Release|Any CPU.ActiveCfg = Release|Any CPU
		{08DB7D53-2E15-4640-BE57-0EAB227E697F}.Release|Any CPU.Build.0 = Release|Any CPU
		{08DB7D53-2E15-4640-BE57-0EAB227E697F}.Release|ARM.ActiveCfg = Release|Any CPU
		{08DB7D53-2E15-4640-BE57-0EAB227E697F}.Release|ARM.Build.0 = Release|Any CPU
		{08DB7D53-2E15-4640-BE57-0EAB227E697F}.Release|iPhone.ActiveCfg = Release|Any CPU
		{08DB7D53-2E15-4640-BE57-0EAB227E697F}.Release|iPhone.Build.0 = Release|Any CPU
		{08DB7D53-2E15-4640-BE57-0EAB227E697F}.Release|iPhoneSimulator.ActiveCfg = Release|Any CPU
		{08DB7D53-2E15-4640-BE57-0EAB227E697F}.Release|iPhoneSimulator.Build.0 = Release|Any CPU
		{08DB7D53-2E15-4640-BE57-0EAB227E697F}.Release|x64.ActiveCfg = Release|Any CPU
		{08DB7D53-2E15-4640-BE57-0EAB227E697F}.Release|x64.Build.0 = Release|Any CPU
		{08DB7D53-2E15-4640-BE57-0EAB227E697F}.Release|x86.ActiveCfg = Release|Any CPU
		{08DB7D53-2E15-4640-BE57-0EAB227E697F}.Release|x86.Build.0 = Release|Any CPU
		{6ADEC1A9-9F08-412C-AA19-E21F0E3E471E}.Ad-Hoc|Any CPU.ActiveCfg = Release|x64
		{6ADEC1A9-9F08-412C-AA19-E21F0E3E471E}.Ad-Hoc|Any CPU.Build.0 = Release|x64
		{6ADEC1A9-9F08-412C-AA19-E21F0E3E471E}.Ad-Hoc|Any CPU.Deploy.0 = Release|x64
		{6ADEC1A9-9F08-412C-AA19-E21F0E3E471E}.Ad-Hoc|ARM.ActiveCfg = Release|ARM
		{6ADEC1A9-9F08-412C-AA19-E21F0E3E471E}.Ad-Hoc|ARM.Build.0 = Release|ARM
		{6ADEC1A9-9F08-412C-AA19-E21F0E3E471E}.Ad-Hoc|ARM.Deploy.0 = Release|ARM
		{6ADEC1A9-9F08-412C-AA19-E21F0E3E471E}.Ad-Hoc|iPhone.ActiveCfg = Release|x64
		{6ADEC1A9-9F08-412C-AA19-E21F0E3E471E}.Ad-Hoc|iPhone.Build.0 = Release|x64
		{6ADEC1A9-9F08-412C-AA19-E21F0E3E471E}.Ad-Hoc|iPhone.Deploy.0 = Release|x64
		{6ADEC1A9-9F08-412C-AA19-E21F0E3E471E}.Ad-Hoc|iPhoneSimulator.ActiveCfg = Release|x64
		{6ADEC1A9-9F08-412C-AA19-E21F0E3E471E}.Ad-Hoc|iPhoneSimulator.Build.0 = Release|x64
		{6ADEC1A9-9F08-412C-AA19-E21F0E3E471E}.Ad-Hoc|iPhoneSimulator.Deploy.0 = Release|x64
		{6ADEC1A9-9F08-412C-AA19-E21F0E3E471E}.Ad-Hoc|x64.ActiveCfg = Release|x64
		{6ADEC1A9-9F08-412C-AA19-E21F0E3E471E}.Ad-Hoc|x64.Build.0 = Release|x64
		{6ADEC1A9-9F08-412C-AA19-E21F0E3E471E}.Ad-Hoc|x64.Deploy.0 = Release|x64
		{6ADEC1A9-9F08-412C-AA19-E21F0E3E471E}.Ad-Hoc|x86.ActiveCfg = Release|x86
		{6ADEC1A9-9F08-412C-AA19-E21F0E3E471E}.Ad-Hoc|x86.Build.0 = Release|x86
		{6ADEC1A9-9F08-412C-AA19-E21F0E3E471E}.Ad-Hoc|x86.Deploy.0 = Release|x86
		{6ADEC1A9-9F08-412C-AA19-E21F0E3E471E}.AppStore|Any CPU.ActiveCfg = Release|x64
		{6ADEC1A9-9F08-412C-AA19-E21F0E3E471E}.AppStore|Any CPU.Build.0 = Release|x64
		{6ADEC1A9-9F08-412C-AA19-E21F0E3E471E}.AppStore|Any CPU.Deploy.0 = Release|x64
		{6ADEC1A9-9F08-412C-AA19-E21F0E3E471E}.AppStore|ARM.ActiveCfg = Release|ARM
		{6ADEC1A9-9F08-412C-AA19-E21F0E3E471E}.AppStore|ARM.Build.0 = Release|ARM
		{6ADEC1A9-9F08-412C-AA19-E21F0E3E471E}.AppStore|ARM.Deploy.0 = Release|ARM
		{6ADEC1A9-9F08-412C-AA19-E21F0E3E471E}.AppStore|iPhone.ActiveCfg = Release|x64
		{6ADEC1A9-9F08-412C-AA19-E21F0E3E471E}.AppStore|iPhone.Build.0 = Release|x64
		{6ADEC1A9-9F08-412C-AA19-E21F0E3E471E}.AppStore|iPhone.Deploy.0 = Release|x64
		{6ADEC1A9-9F08-412C-AA19-E21F0E3E471E}.AppStore|iPhoneSimulator.ActiveCfg = Release|x64
		{6ADEC1A9-9F08-412C-AA19-E21F0E3E471E}.AppStore|iPhoneSimulator.Build.0 = Release|x64
		{6ADEC1A9-9F08-412C-AA19-E21F0E3E471E}.AppStore|iPhoneSimulator.Deploy.0 = Release|x64
		{6ADEC1A9-9F08-412C-AA19-E21F0E3E471E}.AppStore|x64.ActiveCfg = Release|x64
		{6ADEC1A9-9F08-412C-AA19-E21F0E3E471E}.AppStore|x64.Build.0 = Release|x64
		{6ADEC1A9-9F08-412C-AA19-E21F0E3E471E}.AppStore|x64.Deploy.0 = Release|x64
		{6ADEC1A9-9F08-412C-AA19-E21F0E3E471E}.AppStore|x86.ActiveCfg = Release|x86
		{6ADEC1A9-9F08-412C-AA19-E21F0E3E471E}.AppStore|x86.Build.0 = Release|x86
		{6ADEC1A9-9F08-412C-AA19-E21F0E3E471E}.AppStore|x86.Deploy.0 = Release|x86
		{6ADEC1A9-9F08-412C-AA19-E21F0E3E471E}.Debug|Any CPU.ActiveCfg = Debug|x86
		{6ADEC1A9-9F08-412C-AA19-E21F0E3E471E}.Debug|Any CPU.Build.0 = Debug|x86
		{6ADEC1A9-9F08-412C-AA19-E21F0E3E471E}.Debug|Any CPU.Deploy.0 = Debug|x86
		{6ADEC1A9-9F08-412C-AA19-E21F0E3E471E}.Debug|ARM.ActiveCfg = Debug|ARM
		{6ADEC1A9-9F08-412C-AA19-E21F0E3E471E}.Debug|ARM.Build.0 = Debug|ARM
		{6ADEC1A9-9F08-412C-AA19-E21F0E3E471E}.Debug|ARM.Deploy.0 = Debug|ARM
		{6ADEC1A9-9F08-412C-AA19-E21F0E3E471E}.Debug|iPhone.ActiveCfg = Debug|x86
		{6ADEC1A9-9F08-412C-AA19-E21F0E3E471E}.Debug|iPhoneSimulator.ActiveCfg = Debug|x86
		{6ADEC1A9-9F08-412C-AA19-E21F0E3E471E}.Debug|iPhoneSimulator.Build.0 = Debug|x86
		{6ADEC1A9-9F08-412C-AA19-E21F0E3E471E}.Debug|iPhoneSimulator.Deploy.0 = Debug|x86
		{6ADEC1A9-9F08-412C-AA19-E21F0E3E471E}.Debug|x64.ActiveCfg = Debug|x64
		{6ADEC1A9-9F08-412C-AA19-E21F0E3E471E}.Debug|x64.Build.0 = Debug|x64
		{6ADEC1A9-9F08-412C-AA19-E21F0E3E471E}.Debug|x64.Deploy.0 = Debug|x64
		{6ADEC1A9-9F08-412C-AA19-E21F0E3E471E}.Debug|x86.ActiveCfg = Debug|x86
		{6ADEC1A9-9F08-412C-AA19-E21F0E3E471E}.Debug|x86.Build.0 = Debug|x86
		{6ADEC1A9-9F08-412C-AA19-E21F0E3E471E}.Debug|x86.Deploy.0 = Debug|x86
		{6ADEC1A9-9F08-412C-AA19-E21F0E3E471E}.Release|Any CPU.ActiveCfg = Release|x86
		{6ADEC1A9-9F08-412C-AA19-E21F0E3E471E}.Release|ARM.ActiveCfg = Release|ARM
		{6ADEC1A9-9F08-412C-AA19-E21F0E3E471E}.Release|ARM.Build.0 = Release|ARM
		{6ADEC1A9-9F08-412C-AA19-E21F0E3E471E}.Release|ARM.Deploy.0 = Release|ARM
		{6ADEC1A9-9F08-412C-AA19-E21F0E3E471E}.Release|iPhone.ActiveCfg = Release|x86
		{6ADEC1A9-9F08-412C-AA19-E21F0E3E471E}.Release|iPhoneSimulator.ActiveCfg = Release|x86
		{6ADEC1A9-9F08-412C-AA19-E21F0E3E471E}.Release|x64.ActiveCfg = Release|x64
		{6ADEC1A9-9F08-412C-AA19-E21F0E3E471E}.Release|x64.Build.0 = Release|x64
		{6ADEC1A9-9F08-412C-AA19-E21F0E3E471E}.Release|x64.Deploy.0 = Release|x64
		{6ADEC1A9-9F08-412C-AA19-E21F0E3E471E}.Release|x86.ActiveCfg = Release|x86
		{6ADEC1A9-9F08-412C-AA19-E21F0E3E471E}.Release|x86.Build.0 = Release|x86
		{6ADEC1A9-9F08-412C-AA19-E21F0E3E471E}.Release|x86.Deploy.0 = Release|x86
	EndGlobalSection
	GlobalSection(SolutionProperties) = preSolution
		HideSolutionNode = FALSE
	EndGlobalSection
EndGlobal
